Microsoft Visual Studio Solution File, Format Version 12.00
# Visual Studio 14
VisualStudioVersion = 14.0.25420.1
MinimumVisualStudioVersion = 10.0.40219.1
Project("{8BC9CEB8-8B4A-11D0-8D11-00A0C91BC942}") = "common", "..\source\common\common.vcxproj", "{73C0A65B-D1F2-4DE1-B3A6-15DAD2C23F3D}"
EndProject
Project("{8BC9CEB8-8B4A-11D0-8D11-00A0C91BC942}") = "i18n", "..\source\i18n\i18n.vcxproj", "{0178B127-6269-407D-B112-93877BB62776}"
EndProject
Project("{8BC9CEB8-8B4A-11D0-8D11-00A0C91BC942}") = "icudt57", "..\source\stubdata\stubdata.vcxproj", "{203EC78A-0531-43F0-A636-285439BDE025}"
EndProject
Global
	GlobalSection(SolutionConfigurationPlatforms) = preSolution
		Debug|Win32 = Debug|Win32
		Debug|x64 = Debug|x64
		Debug-MT|Win32 = Debug-MT|Win32
		Debug-MT|x64 = Debug-MT|x64
		Debug-MTDLL|Win32 = Debug-MTDLL|Win32
		Debug-MTDLL|x64 = Debug-MTDLL|x64
		Release|Win32 = Release|Win32
		Release|x64 = Release|x64
		Release-MT|Win32 = Release-MT|Win32
		Release-MT|x64 = Release-MT|x64
		Release-MTDLL|Win32 = Release-MTDLL|Win32
		Release-MTDLL|x64 = Release-MTDLL|x64
	EndGlobalSection
	GlobalSection(ProjectConfigurationPlatforms) = postSolution
		{73C0A65B-D1F2-4DE1-B3A6-15DAD2C23F3D}.Debug|Win32.ActiveCfg = Debug-MTDLL|Win32
		{73C0A65B-D1F2-4DE1-B3A6-15DAD2C23F3D}.Debug|Win32.Build.0 = Debug-MTDLL|Win32
		{73C0A65B-D1F2-4DE1-B3A6-15DAD2C23F3D}.Debug|x64.ActiveCfg = Debug-MTDLL|x64
		{73C0A65B-D1F2-4DE1-B3A6-15DAD2C23F3D}.Debug|x64.Build.0 = Debug-MTDLL|x64
		{73C0A65B-D1F2-4DE1-B3A6-15DAD2C23F3D}.Debug-MT|Win32.ActiveCfg = Debug-MT|Win32
		{73C0A65B-D1F2-4DE1-B3A6-15DAD2C23F3D}.Debug-MT|Win32.Build.0 = Debug-MT|Win32
		{73C0A65B-D1F2-4DE1-B3A6-15DAD2C23F3D}.Debug-MT|x64.ActiveCfg = Debug-MT|x64
		{73C0A65B-D1F2-4DE1-B3A6-15DAD2C23F3D}.Debug-MT|x64.Build.0 = Debug-MT|x64
		{73C0A65B-D1F2-4DE1-B3A6-15DAD2C23F3D}.Debug-MTDLL|Win32.ActiveCfg = Debug-MTDLL|Win32
		{73C0A65B-D1F2-4DE1-B3A6-15DAD2C23F3D}.Debug-MTDLL|Win32.Build.0 = Debug-MTDLL|Win32
		{73C0A65B-D1F2-4DE1-B3A6-15DAD2C23F3D}.Debug-MTDLL|x64.ActiveCfg = Debug-MTDLL|x64
		{73C0A65B-D1F2-4DE1-B3A6-15DAD2C23F3D}.Debug-MTDLL|x64.Build.0 = Debug-MTDLL|x64
		{73C0A65B-D1F2-4DE1-B3A6-15DAD2C23F3D}.Release|Win32.ActiveCfg = Release-MTDLL|Win32
		{73C0A65B-D1F2-4DE1-B3A6-15DAD2C23F3D}.Release|Win32.Build.0 = Release-MTDLL|Win32
		{73C0A65B-D1F2-4DE1-B3A6-15DAD2C23F3D}.Release|x64.ActiveCfg = Release-MTDLL|x64
		{73C0A65B-D1F2-4DE1-B3A6-15DAD2C23F3D}.Release|x64.Build.0 = Release-MTDLL|x64
		{73C0A65B-D1F2-4DE1-B3A6-15DAD2C23F3D}.Release-MT|Win32.ActiveCfg = Release-MT|Win32
		{73C0A65B-D1F2-4DE1-B3A6-15DAD2C23F3D}.Release-MT|Win32.Build.0 = Release-MT|Win32
		{73C0A65B-D1F2-4DE1-B3A6-15DAD2C23F3D}.Release-MT|x64.ActiveCfg = Release-MT|x64
		{73C0A65B-D1F2-4DE1-B3A6-15DAD2C23F3D}.Release-MT|x64.Build.0 = Release-MT|x64
		{73C0A65B-D1F2-4DE1-B3A6-15DAD2C23F3D}.Release-MTDLL|Win32.ActiveCfg = Release-MTDLL|Win32
		{73C0A65B-D1F2-4DE1-B3A6-15DAD2C23F3D}.Release-MTDLL|Win32.Build.0 = Release-MTDLL|Win32
		{73C0A65B-D1F2-4DE1-B3A6-15DAD2C23F3D}.Release-MTDLL|x64.ActiveCfg = Release-MTDLL|x64
		{73C0A65B-D1F2-4DE1-B3A6-15DAD2C23F3D}.Release-MTDLL|x64.Build.0 = Release-MTDLL|x64
		{0178B127-6269-407D-B112-93877BB62776}.Debug|Win32.ActiveCfg = Debug-MTDLL|Win32
		{0178B127-6269-407D-B112-93877BB62776}.Debug|Win32.Build.0 = Debug-MTDLL|Win32
		{0178B127-6269-407D-B112-93877BB62776}.Debug|x64.ActiveCfg = Debug-MTDLL|x64
		{0178B127-6269-407D-B112-93877BB62776}.Debug|x64.Build.0 = Debug-MTDLL|x64
		{0178B127-6269-407D-B112-93877BB62776}.Debug-MT|Win32.ActiveCfg = Debug-MT|Win32
		{0178B127-6269-407D-B112-93877BB62776}.Debug-MT|Win32.Build.0 = Debug-MT|Win32
		{0178B127-6269-407D-B112-93877BB62776}.Debug-MT|x64.ActiveCfg = Debug-MT|x64
		{0178B127-6269-407D-B112-93877BB62776}.Debug-MT|x64.Build.0 = Debug-MT|x64
		{0178B127-6269-407D-B112-93877BB62776}.Debug-MTDLL|Win32.ActiveCfg = Debug-MTDLL|Win32
		{0178B127-6269-407D-B112-93877BB62776}.Debug-MTDLL|Win32.Build.0 = Debug-MTDLL|Win32
		{0178B127-6269-407D-B112-93877BB62776}.Debug-MTDLL|x64.ActiveCfg = Debug-MTDLL|x64
		{0178B127-6269-407D-B112-93877BB62776}.Debug-MTDLL|x64.Build.0 = Debug-MTDLL|x64
		{0178B127-6269-407D-B112-93877BB62776}.Release|Win32.ActiveCfg = Release-MTDLL|Win32
		{0178B127-6269-407D-B112-93877BB62776}.Release|Win32.Build.0 = Release-MTDLL|Win32
		{0178B127-6269-407D-B112-93877BB62776}.Release|x64.ActiveCfg = Release-MTDLL|x64
		{0178B127-6269-407D-B112-93877BB62776}.Release|x64.Build.0 = Release-MTDLL|x64
		{0178B127-6269-407D-B112-93877BB62776}.Release-MT|Win32.ActiveCfg = Release-MT|Win32
		{0178B127-6269-407D-B112-93877BB62776}.Release-MT|Win32.Build.0 = Release-MT|Win32
		{0178B127-6269-407D-B112-93877BB62776}.Release-MT|x64.ActiveCfg = Release-MT|x64
		{0178B127-6269-407D-B112-93877BB62776}.Release-MT|x64.Build.0 = Release-MT|x64
		{0178B127-6269-407D-B112-93877BB62776}.Release-MTDLL|Win32.ActiveCfg = Release-MTDLL|Win32
		{0178B127-6269-407D-B112-93877BB62776}.Release-MTDLL|Win32.Build.0 = Release-MTDLL|Win32
		{0178B127-6269-407D-B112-93877BB62776}.Release-MTDLL|x64.ActiveCfg = Release-MTDLL|x64
		{0178B127-6269-407D-B112-93877BB62776}.Release-MTDLL|x64.Build.0 = Release-MTDLL|x64
		{203EC78A-0531-43F0-A636-285439BDE025}.Debug|Win32.ActiveCfg = Debug-MT|Win32
		{203EC78A-0531-43F0-A636-285439BDE025}.Debug|Win32.Build.0 = Debug-MT|Win32
		{203EC78A-0531-43F0-A636-285439BDE025}.Debug|x64.ActiveCfg = Debug-MT|x64
		{203EC78A-0531-43F0-A636-285439BDE025}.Debug|x64.Build.0 = Debug-MT|x64
		{203EC78A-0531-43F0-A636-285439BDE025}.Debug-MT|Win32.ActiveCfg = Debug-MT|Win32
		{203EC78A-0531-43F0-A636-285439BDE025}.Debug-MT|Win32.Build.0 = Debug-MT|Win32
		{203EC78A-0531-43F0-A636-285439BDE025}.Debug-MT|x64.ActiveCfg = Debug-MT|x64
		{203EC78A-0531-43F0-A636-285439BDE025}.Debug-MT|x64.Build.0 = Debug-MT|x64
		{203EC78A-0531-43F0-A636-285439BDE025}.Debug-MTDLL|Win32.ActiveCfg = Debug-MTDLL|Win32
		{203EC78A-0531-43F0-A636-285439BDE025}.Debug-MTDLL|Win32.Build.0 = Debug-MTDLL|Win32
		{203EC78A-0531-43F0-A636-285439BDE025}.Debug-MTDLL|x64.ActiveCfg = Debug-MTDLL|x64
		{203EC78A-0531-43F0-A636-285439BDE025}.Debug-MTDLL|x64.Build.0 = Debug-MTDLL|x64
		{203EC78A-0531-43F0-A636-285439BDE025}.Release|Win32.ActiveCfg = Release-MT|Win32
		{203EC78A-0531-43F0-A636-285439BDE025}.Release|Win32.Build.0 = Release-MT|Win32
		{203EC78A-0531-43F0-A636-285439BDE025}.Release|x64.ActiveCfg = Release-MTDLL|x64
		{203EC78A-0531-43F0-A636-285439BDE025}.Release|x64.Build.0 = Release-MTDLL|x64
		{203EC78A-0531-43F0-A636-285439BDE025}.Release-MT|Win32.ActiveCfg = Release-MT|Win32
		{203EC78A-0531-43F0-A636-285439BDE025}.Release-MT|Win32.Build.0 = Release-MT|Win32
		{203EC78A-0531-43F0-A636-285439BDE025}.Release-MT|x64.ActiveCfg = Release-MT|x64
		{203EC78A-0531-43F0-A636-285439BDE025}.Release-MT|x64.Build.0 = Release-MT|x64
		{203EC78A-0531-43F0-A636-285439BDE025}.Release-MTDLL|Win32.ActiveCfg = Release-MTDLL|Win32
		{203EC78A-0531-43F0-A636-285439BDE025}.Release-MTDLL|Win32.Build.0 = Release-MTDLL|Win32
		{203EC78A-0531-43F0-A636-285439BDE025}.Release-MTDLL|x64.ActiveCfg = Release-MTDLL|x64
		{203EC78A-0531-43F0-A636-285439BDE025}.Release-MTDLL|x64.Build.0 = Release-MTDLL|x64
	EndGlobalSection
	GlobalSection(SolutionProperties) = preSolution
		HideSolutionNode = FALSE
	EndGlobalSection
EndGlobal
